Microsoft Visual Studio Solution File, Format Version 12.00
# Visual Studio Version 17
VisualStudioVersion = 17.5.002.0
MinimumVisualStudioVersion = 10.0.40219.1
Project("{9A19103F-16F7-4668-BE54-9A1E7A4F7556}") = "Core.Utilities", "Core.Utilities\Core.Utilities.csproj", "{50BF7C2E-633E-46AA-945B-62180162EED2}"
EndProject
Project("{2150E333-8FDC-42A3-9474-1A3956D46DE8}") = "Lessons", "Lessons", "{7A43C88B-1868-4EB0-B337-E1FF94C2340D}"
EndProject
Project("{9A19103F-16F7-4668-BE54-9A1E7A4F7556}") = "Lesson1", "Lessons\Lesson1\Lesson1.csproj", "{0F686E81-D73A-419A-8E2C-44BA950DB0E3}"
EndProject
Project("{9A19103F-16F7-4668-BE54-9A1E7A4F7556}") = "Lesson2", "Lessons\Lesson2\Lesson2.csproj", "{5ED90FC5-D5F6-4CE9-B0D1-BF148AACE948}"
EndProject
Project("{9A19103F-16F7-4668-BE54-9A1E7A4F7556}") = "Lesson3", "Lessons\Lesson3\Lesson3.csproj", "{FAFAEB1C-0A99-470A-9DDE-4B675C5B83F1}"
EndProject
Project("{9A19103F-16F7-4668-BE54-9A1E7A4F7556}") = "Lesson4", "Lessons\Lesson4\Lesson4.csproj", "{9B286983-57BA-4A4F-842C-CF862514E455}"
EndProject
Project("{9A19103F-16F7-4668-BE54-9A1E7A4F7556}") = "Lesson5", "Lessons\Lesson5\Lesson5.csproj", "{99A734C1-9714-415F-BE01-E5C0E860F336}"
EndProject
Project("{9A19103F-16F7-4668-BE54-9A1E7A4F7556}") = "Lesson6", "Lessons\Lesson6\Lesson6.csproj", "{CBE2CFC1-F10A-4DA7-93B4-F9CC1E937754}"
EndProject
Project("{2150E333-8FDC-42A3-9474-1A3956D46DE8}") = "Solutions", "Solutions", "{E23C6D0A-1C8A-4FBF-B3E7-A17A760B2C0D}"
EndProject
Project("{9A19103F-16F7-4668-BE54-9A1E7A4F7556}") = "Solutions.Lesson1", "Solutions\Lesson1\Lesson1.csproj", "{A1B1C1D1-E1F1-41A1-B1C1-D1E1F1A1B1C1}"
EndProject
Project("{9A19103F-16F7-4668-BE54-9A1E7A4F7556}") = "Solutions.Lesson2", "Solutions\Lesson2\Lesson2.csproj", "{A2B2C2D2-E2F2-42A2-B2C2-D2E2F2A2B2C2}"
EndProject
Project("{9A19103F-16F7-4668-BE54-9A1E7A4F7556}") = "Solutions.Lesson3", "Solutions\Lesson3\Lesson3.csproj", "{A3B3C3D3-E3F3-43A3-B3C3-D3E3F3A3B3C3}"
EndProject
Project("{9A19103F-16F7-4668-BE54-9A1E7A4F7556}") = "Solutions.Lesson4", "Solutions\Lesson4\Lesson4.csproj", "{A4B4C4D4-E4F4-44A4-B4C4-D4E4F4A4B4C4}"
EndProject
Project("{9A19103F-16F7-4668-BE54-9A1E7A4F7556}") = "Solutions.Lesson5", "Solutions\Lesson5\Lesson5.csproj", "{A5B5C5D5-E5F5-45A5-B5C5-D5E5F5A5B5C5}"
EndProject
Project("{9A19103F-16F7-4668-BE54-9A1E7A4F7556}") = "Solutions.Lesson6", "Solutions\Lesson6\Lesson6.csproj", "{A6B6C6D6-E6F6-46A6-B6C6-D6E6F6A6B6C6}"
EndProject
Global
	GlobalSection(SolutionConfigurationPlatforms) = preSolution
		Debug|Any CPU = Debug|Any CPU
		Release|Any CPU = Release|Any CPU
	EndGlobalSection	GlobalSection(ProjectConfigurationPlatforms) = postSolution
		{50BF7C2E-633E-46AA-945B-62180162EED2}.Debug|Any CPU.ActiveCfg = Debug|Any CPU
		{50BF7C2E-633E-46AA-945B-62180162EED2}.Debug|Any CPU.Build.0 = Debug|Any CPU
		{50BF7C2E-633E-46AA-945B-62180162EED2}.Release|Any CPU.ActiveCfg = Release|Any CPU
		{50BF7C2E-633E-46AA-945B-62180162EED2}.Release|Any CPU.Build.0 = Release|Any CPU
		{0F686E81-D73A-419A-8E2C-44BA950DB0E3}.Debug|Any CPU.ActiveCfg = Debug|Any CPU
		{0F686E81-D73A-419A-8E2C-44BA950DB0E3}.Debug|Any CPU.Build.0 = Debug|Any CPU
		{0F686E81-D73A-419A-8E2C-44BA950DB0E3}.Release|Any CPU.ActiveCfg = Release|Any CPU
		{0F686E81-D73A-419A-8E2C-44BA950DB0E3}.Release|Any CPU.Build.0 = Release|Any CPU
		{5ED90FC5-D5F6-4CE9-B0D1-BF148AACE948}.Debug|Any CPU.ActiveCfg = Debug|Any CPU
		{5ED90FC5-D5F6-4CE9-B0D1-BF148AACE948}.Debug|Any CPU.Build.0 = Debug|Any CPU
		{5ED90FC5-D5F6-4CE9-B0D1-BF148AACE948}.Release|Any CPU.ActiveCfg = Release|Any CPU
		{5ED90FC5-D5F6-4CE9-B0D1-BF148AACE948}.Release|Any CPU.Build.0 = Release|Any CPU
		{FAFAEB1C-0A99-470A-9DDE-4B675C5B83F1}.Debug|Any CPU.ActiveCfg = Debug|Any CPU
		{FAFAEB1C-0A99-470A-9DDE-4B675C5B83F1}.Debug|Any CPU.Build.0 = Debug|Any CPU
		{FAFAEB1C-0A99-470A-9DDE-4B675C5B83F1}.Release|Any CPU.ActiveCfg = Release|Any CPU
		{FAFAEB1C-0A99-470A-9DDE-4B675C5B83F1}.Release|Any CPU.Build.0 = Release|Any CPU
		{9B286983-57BA-4A4F-842C-CF862514E455}.Debug|Any CPU.ActiveCfg = Debug|Any CPU
		{9B286983-57BA-4A4F-842C-CF862514E455}.Debug|Any CPU.Build.0 = Debug|Any CPU
		{9B286983-57BA-4A4F-842C-CF862514E455}.Release|Any CPU.ActiveCfg = Release|Any CPU
		{9B286983-57BA-4A4F-842C-CF862514E455}.Release|Any CPU.Build.0 = Release|Any CPU
		{99A734C1-9714-415F-BE01-E5C0E860F336}.Debug|Any CPU.ActiveCfg = Debug|Any CPU
		{99A734C1-9714-415F-BE01-E5C0E860F336}.Debug|Any CPU.Build.0 = Debug|Any CPU
		{99A734C1-9714-415F-BE01-E5C0E860F336}.Release|Any CPU.ActiveCfg = Release|Any CPU
		{99A734C1-9714-415F-BE01-E5C0E860F336}.Release|Any CPU.Build.0 = Release|Any CPU
		{CBE2CFC1-F10A-4DA7-93B4-F9CC1E937754}.Debug|Any CPU.ActiveCfg = Debug|Any CPU
		{CBE2CFC1-F10A-4DA7-93B4-F9CC1E937754}.Debug|Any CPU.Build.0 = Debug|Any CPU
		{CBE2CFC1-F10A-4DA7-93B4-F9CC1E937754}.Release|Any CPU.ActiveCfg = Release|Any CPU
		{CBE2CFC1-F10A-4DA7-93B4-F9CC1E937754}.Release|Any CPU.Build.0 = Release|Any CPU
		{A1B1C1D1-E1F1-41A1-B1C1-D1E1F1A1B1C1}.Debug|Any CPU.ActiveCfg = Debug|Any CPU
		{A1B1C1D1-E1F1-41A1-B1C1-D1E1F1A1B1C1}.Debug|Any CPU.Build.0 = Debug|Any CPU
		{A1B1C1D1-E1F1-41A1-B1C1-D1E1F1A1B1C1}.Release|Any CPU.ActiveCfg = Release|Any CPU
		{A1B1C1D1-E1F1-41A1-B1C1-D1E1F1A1B1C1}.Release|Any CPU.Build.0 = Release|Any CPU
		{A2B2C2D2-E2F2-42A2-B2C2-D2E2F2A2B2C2}.Debug|Any CPU.ActiveCfg = Debug|Any CPU
		{A2B2C2D2-E2F2-42A2-B2C2-D2E2F2A2B2C2}.Debug|Any CPU.Build.0 = Debug|Any CPU
		{A2B2C2D2-E2F2-42A2-B2C2-D2E2F2A2B2C2}.Release|Any CPU.ActiveCfg = Release|Any CPU
		{A2B2C2D2-E2F2-42A2-B2C2-D2E2F2A2B2C2}.Release|Any CPU.Build.0 = Release|Any CPU
		{A3B3C3D3-E3F3-43A3-B3C3-D3E3F3A3B3C3}.Debug|Any CPU.ActiveCfg = Debug|Any CPU
		{A3B3C3D3-E3F3-43A3-B3C3-D3E3F3A3B3C3}.Debug|Any CPU.Build.0 = Debug|Any CPU
		{A3B3C3D3-E3F3-43A3-B3C3-D3E3F3A3B3C3}.Release|Any CPU.ActiveCfg = Release|Any CPU
		{A3B3C3D3-E3F3-43A3-B3C3-D3E3F3A3B3C3}.Release|Any CPU.Build.0 = Release|Any CPU
		{A4B4C4D4-E4F4-44A4-B4C4-D4E4F4A4B4C4}.Debug|Any CPU.ActiveCfg = Debug|Any CPU
		{A4B4C4D4-E4F4-44A4-B4C4-D4E4F4A4B4C4}.Debug|Any CPU.Build.0 = Debug|Any CPU
		{A4B4C4D4-E4F4-44A4-B4C4-D4E4F4A4B4C4}.Release|Any CPU.ActiveCfg = Release|Any CPU
		{A4B4C4D4-E4F4-44A4-B4C4-D4E4F4A4B4C4}.Release|Any CPU.Build.0 = Release|Any CPU
		{A5B5C5D5-E5F5-45A5-B5C5-D5E5F5A5B5C5}.Debug|Any CPU.ActiveCfg = Debug|Any CPU
		{A5B5C5D5-E5F5-45A5-B5C5-D5E5F5A5B5C5}.Debug|Any CPU.Build.0 = Debug|Any CPU
		{A5B5C5D5-E5F5-45A5-B5C5-D5E5F5A5B5C5}.Release|Any CPU.ActiveCfg = Release|Any CPU
		{A5B5C5D5-E5F5-45A5-B5C5-D5E5F5A5B5C5}.Release|Any CPU.Build.0 = Release|Any CPU
		{A6B6C6D6-E6F6-46A6-B6C6-D6E6F6A6B6C6}.Debug|Any CPU.ActiveCfg = Debug|Any CPU
		{A6B6C6D6-E6F6-46A6-B6C6-D6E6F6A6B6C6}.Debug|Any CPU.Build.0 = Debug|Any CPU
		{A6B6C6D6-E6F6-46A6-B6C6-D6E6F6A6B6C6}.Release|Any CPU.ActiveCfg = Release|Any CPU
		{A6B6C6D6-E6F6-46A6-B6C6-D6E6F6A6B6C6}.Release|Any CPU.Build.0 = Release|Any CPU
		{5ED90FC5-D5F6-4CE9-B0D1-BF148AACE948}.Debug|Any CPU.ActiveCfg = Debug|Any CPU
		{5ED90FC5-D5F6-4CE9-B0D1-BF148AACE948}.Debug|Any CPU.Build.0 = Debug|Any CPU
		{5ED90FC5-D5F6-4CE9-B0D1-BF148AACE948}.Release|Any CPU.ActiveCfg = Release|Any CPU
		{5ED90FC5-D5F6-4CE9-B0D1-BF148AACE948}.Release|Any CPU.Build.0 = Release|Any CPU
		{FAFAEB1C-0A99-470A-9DDE-4B675C5B83F1}.Debug|Any CPU.ActiveCfg = Debug|Any CPU
		{FAFAEB1C-0A99-470A-9DDE-4B675C5B83F1}.Debug|Any CPU.Build.0 = Debug|Any CPU
		{FAFAEB1C-0A99-470A-9DDE-4B675C5B83F1}.Release|Any CPU.ActiveCfg = Release|Any CPU
		{FAFAEB1C-0A99-470A-9DDE-4B675C5B83F1}.Release|Any CPU.Build.0 = Release|Any CPU
		{9B286983-57BA-4A4F-842C-CF862514E455}.Debug|Any CPU.ActiveCfg = Debug|Any CPU
		{9B286983-57BA-4A4F-842C-CF862514E455}.Debug|Any CPU.Build.0 = Debug|Any CPU
		{9B286983-57BA-4A4F-842C-CF862514E455}.Release|Any CPU.ActiveCfg = Release|Any CPU
		{9B286983-57BA-4A4F-842C-CF862514E455}.Release|Any CPU.Build.0 = Release|Any CPU
		{99A734C1-9714-415F-BE01-E5C0E860F336}.Debug|Any CPU.ActiveCfg = Debug|Any CPU
		{99A734C1-9714-415F-BE01-E5C0E860F336}.Debug|Any CPU.Build.0 = Debug|Any CPU
		{99A734C1-9714-415F-BE01-E5C0E860F336}.Release|Any CPU.ActiveCfg = Release|Any CPU
		{99A734C1-9714-415F-BE01-E5C0E860F336}.Release|Any CPU.Build.0 = Release|Any CPU
		{CBE2CFC1-F10A-4DA7-93B4-F9CC1E937754}.Debug|Any CPU.ActiveCfg = Debug|Any CPU
		{CBE2CFC1-F10A-4DA7-93B4-F9CC1E937754}.Debug|Any CPU.Build.0 = Debug|Any CPU
		{CBE2CFC1-F10A-4DA7-93B4-F9CC1E937754}.Release|Any CPU.ActiveCfg = Release|Any CPU
		{CBE2CFC1-F10A-4DA7-93B4-F9CC1E937754}.Release|Any CPU.Build.0 = Release|Any CPU
		{A1B1C1D1-E1F1-41A1-B1C1-D1E1F1A1B1C1}.Debug|Any CPU.ActiveCfg = Debug|Any CPU
		{A1B1C1D1-E1F1-41A1-B1C1-D1E1F1A1B1C1}.Debug|Any CPU.Build.0 = Debug|Any CPU
		{A1B1C1D1-E1F1-41A1-B1C1-D1E1F1A1B1C1}.Release|Any CPU.ActiveCfg = Release|Any CPU
		{A1B1C1D1-E1F1-41A1-B1C1-D1E1F1A1B1C1}.Release|Any CPU.Build.0 = Release|Any CPU
		{A2B2C2D2-E2F2-42A2-B2C2-D2E2F2A2B2C2}.Debug|Any CPU.ActiveCfg = Debug|Any CPU
		{A2B2C2D2-E2F2-42A2-B2C2-D2E2F2A2B2C2}.Debug|Any CPU.Build.0 = Debug|Any CPU
		{A2B2C2D2-E2F2-42A2-B2C2-D2E2F2A2B2C2}.Release|Any CPU.ActiveCfg = Release|Any CPU
		{A2B2C2D2-E2F2-42A2-B2C2-D2E2F2A2B2C2}.Release|Any CPU.Build.0 = Release|Any CPU
		{A3B3C3D3-E3F3-43A3-B3C3-D3E3F3A3B3C3}.Debug|Any CPU.ActiveCfg = Debug|Any CPU
		{A3B3C3D3-E3F3-43A3-B3C3-D3E3F3A3B3C3}.Debug|Any CPU.Build.0 = Debug|Any CPU
		{A3B3C3D3-E3F3-43A3-B3C3-D3E3F3A3B3C3}.Release|Any CPU.ActiveCfg = Release|Any CPU
		{A3B3C3D3-E3F3-43A3-B3C3-D3E3F3A3B3C3}.Release|Any CPU.Build.0 = Release|Any CPU
		{A4B4C4D4-E4F4-44A4-B4C4-D4E4F4A4B4C4}.Debug|Any CPU.ActiveCfg = Debug|Any CPU
		{A4B4C4D4-E4F4-44A4-B4C4-D4E4F4A4B4C4}.Debug|Any CPU.Build.0 = Debug|Any CPU
		{A4B4C4D4-E4F4-44A4-B4C4-D4E4F4A4B4C4}.Release|Any CPU.ActiveCfg = Release|Any CPU
		{A4B4C4D4-E4F4-44A4-B4C4-D4E4F4A4B4C4}.Release|Any CPU.Build.0 = Release|Any CPU
		{A5B5C5D5-E5F5-45A5-B5C5-D5E5F5A5B5C5}.Debug|Any CPU.ActiveCfg = Debug|Any CPU
		{A5B5C5D5-E5F5-45A5-B5C5-D5E5F5A5B5C5}.Debug|Any CPU.Build.0 = Debug|Any CPU
		{A5B5C5D5-E5F5-45A5-B5C5-D5E5F5A5B5C5}.Release|Any CPU.ActiveCfg = Release|Any CPU
		{A5B5C5D5-E5F5-45A5-B5C5-D5E5F5A5B5C5}.Release|Any CPU.Build.0 = Release|Any CPU
		{A6B6C6D6-E6F6-46A6-B6C6-D6E6F6A6B6C6}.Debug|Any CPU.ActiveCfg = Debug|Any CPU
		{A6B6C6D6-E6F6-46A6-B6C6-D6E6F6A6B6C6}.Debug|Any CPU.Build.0 = Debug|Any CPU
		{A6B6C6D6-E6F6-46A6-B6C6-D6E6F6A6B6C6}.Release|Any CPU.ActiveCfg = Release|Any CPU
		{A6B6C6D6-E6F6-46A6-B6C6-D6E6F6A6B6C6}.Release|Any CPU.Build.0 = Release|Any CPU
	EndGlobalSection
	GlobalSection(SolutionProperties) = preSolution
		HideSolutionNode = FALSE
	EndGlobalSection	GlobalSection(NestedProjects) = preSolution
		{0F686E81-D73A-419A-8E2C-44BA950DB0E3} = {7A43C88B-1868-4EB0-B337-E1FF94C2340D}
		{5ED90FC5-D5F6-4CE9-B0D1-BF148AACE948} = {7A43C88B-1868-4EB0-B337-E1FF94C2340D}
		{FAFAEB1C-0A99-470A-9DDE-4B675C5B83F1} = {7A43C88B-1868-4EB0-B337-E1FF94C2340D}
		{9B286983-57BA-4A4F-842C-CF862514E455} = {7A43C88B-1868-4EB0-B337-E1FF94C2340D}
		{99A734C1-9714-415F-BE01-E5C0E860F336} = {7A43C88B-1868-4EB0-B337-E1FF94C2340D}
		{CBE2CFC1-F10A-4DA7-93B4-F9CC1E937754} = {7A43C88B-1868-4EB0-B337-E1FF94C2340D}
		{A1B1C1D1-E1F1-41A1-B1C1-D1E1F1A1B1C1} = {E23C6D0A-1C8A-4FBF-B3E7-A17A760B2C0D}
		{A2B2C2D2-E2F2-42A2-B2C2-D2E2F2A2B2C2} = {E23C6D0A-1C8A-4FBF-B3E7-A17A760B2C0D}
		{A3B3C3D3-E3F3-43A3-B3C3-D3E3F3A3B3C3} = {E23C6D0A-1C8A-4FBF-B3E7-A17A760B2C0D}
		{A4B4C4D4-E4F4-44A4-B4C4-D4E4F4A4B4C4} = {E23C6D0A-1C8A-4FBF-B3E7-A17A760B2C0D}
		{A5B5C5D5-E5F5-45A5-B5C5-D5E5F5A5B5C5} = {E23C6D0A-1C8A-4FBF-B3E7-A17A760B2C0D}
		{A6B6C6D6-E6F6-46A6-B6C6-D6E6F6A6B6C6} = {E23C6D0A-1C8A-4FBF-B3E7-A17A760B2C0D}
	EndGlobalSection
	GlobalSection(ExtensibilityGlobals) = postSolution
		SolutionGuid = {9A9D85F9-2CE3-44A2-B93E-209605E30E98}
	EndGlobalSection
EndGlobal
